
Microsoft Visual Studio Solution File, Format Version 12.00
# Visual Studio Version 16
VisualStudioVersion = 16.0.31605.320
MinimumVisualStudioVersion = 10.0.40219.1
Project("{FAE04EC0-301F-11D3-BF4B-00C04F79EFBC}") = "Workflow.API", "Workflow.API\Workflow.API.csproj", "{CBB8B410-6E27-4300-8BE8-99F26CDAC5C4}"
EndProject
Global
	GlobalSection(SolutionConfigurationPlatforms) = preSolution
		Debug|Any CPU = Debug|Any CPU
		Release|Any CPU = Release|Any CPU
	EndGlobalSection
	GlobalSection(ProjectConfigurationPlatforms) = postSolution
		{CBB8B410-6E27-4300-8BE8-99F26CDAC5C4}.Debug|Any CPU.ActiveCfg = Debug|Any CPU
		{CBB8B410-6E27-4300-8BE8-99F26CDAC5C4}.Debug|Any CPU.Build.0 = Debug|Any CPU
		{CBB8B410-6E27-4300-8BE8-99F26CDAC5C4}.Release|Any CPU.ActiveCfg = Release|Any CPU
		{CBB8B410-6E27-4300-8BE8-99F26CDAC5C4}.Release|Any CPU.Build.0 = Release|Any CPU
	EndGlobalSection
	GlobalSection(SolutionProperties) = preSolution
		HideSolutionNode = FALSE
	EndGlobalSection
	GlobalSection(ExtensibilityGlobals) = postSolution
		SolutionGuid = {3B92B5DA-EBD2-4E74-9ED7-3D34A748A176}
	EndGlobalSection
EndGlobal
